
Microsoft Visual Studio Solution File, Format Version 12.00
# Visual Studio 15
VisualStudioVersion = 15.0.27004.2009
MinimumVisualStudioVersion = 10.0.40219.1
Project("{FAE04EC0-301F-11D3-BF4B-00C04F79EFBC}") = "JobAdderAssignement.Web", "JobAdderAssignement.Web\JobAdderAssignement.Web.csproj", "{75BCA1EF-1974-42E5-8105-E3227B4DF31E}"
EndProject
Project("{FAE04EC0-301F-11D3-BF4B-00C04F79EFBC}") = "JobAdderAssignement.Tests", "JobAdderAssignement.Tests\JobAdderAssignement.Tests.csproj", "{DB181716-B33E-49AB-93B9-8C72DAA35C5E}"
EndProject
Global
	GlobalSection(SolutionConfigurationPlatforms) = preSolution
		Debug|Any CPU = Debug|Any CPU
		Release|Any CPU = Release|Any CPU
	EndGlobalSection
	GlobalSection(ProjectConfigurationPlatforms) = postSolution
		{75BCA1EF-1974-42E5-8105-E3227B4DF31E}.Debug|Any CPU.ActiveCfg = Debug|Any CPU
		{75BCA1EF-1974-42E5-8105-E3227B4DF31E}.Debug|Any CPU.Build.0 = Debug|Any CPU
		{75BCA1EF-1974-42E5-8105-E3227B4DF31E}.Release|Any CPU.ActiveCfg = Release|Any CPU
		{75BCA1EF-1974-42E5-8105-E3227B4DF31E}.Release|Any CPU.Build.0 = Release|Any CPU
		{DB181716-B33E-49AB-93B9-8C72DAA35C5E}.Debug|Any CPU.ActiveCfg = Debug|Any CPU
		{DB181716-B33E-49AB-93B9-8C72DAA35C5E}.Debug|Any CPU.Build.0 = Debug|Any CPU
		{DB181716-B33E-49AB-93B9-8C72DAA35C5E}.Release|Any CPU.ActiveCfg = Release|Any CPU
		{DB181716-B33E-49AB-93B9-8C72DAA35C5E}.Release|Any CPU.Build.0 = Release|Any CPU
	EndGlobalSection
	GlobalSection(SolutionProperties) = preSolution
		HideSolutionNode = FALSE
	EndGlobalSection
	GlobalSection(ExtensibilityGlobals) = postSolution
		SolutionGuid = {24B3A8C3-C760-454F-BC99-B0AA2354D77C}
	EndGlobalSection
EndGlobal
